{
  "name": "cesium-print",
  "version": "1.0.3",
  "lockfileVersion": 1,
  "requires": true,
  "dependencies": {
    "base64-arraybuffer": {
      "version": "0.1.5",
      "resolved": "https://registry.npmjs.org/base64-arraybuffer/-/base64-arraybuffer-0.1.5.tgz",
      "integrity": "sha1-c5JncZI7Whl0etZmqlzUv5xunOg="
    },
    "css-line-break": {
      "version": "1.0.1",
      "resolved": "https://registry.npmjs.org/css-line-break/-/css-line-break-1.0.1.tgz",
      "integrity": "sha1-GfIGOjPpX7KDG4ZEbAuAwYivRQo=",
      "requires": {
        "base64-arraybuffer": "0.1.5"
      }
    },
    "html2canvas": {
      "version": "1.0.0-rc.1",
      "resolved": "https://registry.npmjs.org/html2canvas/-/html2canvas-1.0.0-rc.1.tgz",
      "integrity": "sha512-ImguLJ3goQnY0P6z7n6VqBZ+ViS77Hv6J7iYXBxvdb3NWz3s8/mqr4/Lj0OlMUb3ID+qCQ1BPLIBuRMqhgqvYg==",
      "requires": {
        "css-line-break": "1.0.1"
      }
    }
  }
}
